
Microsoft Visual Studio Solution File, Format Version 12.00
# Visual Studio Version 16
VisualStudioVersion = 16.0.30114.105
MinimumVisualStudioVersion = 10.0.40219.1
Project("{FAE04EC0-301F-11D3-BF4B-00C04F79EFBC}") = "AreaOfACircle", "AreaOfACircle\AreaOfACircle.csproj", "{7FEC1CF0-0D8B-41C5-B856-DE985FBC7A42}"
EndProject
Global
	GlobalSection(SolutionConfigurationPlatforms) = preSolution
		Debug|Any CPU = Debug|Any CPU
		Release|Any CPU = Release|Any CPU
	EndGlobalSection
	GlobalSection(ProjectConfigurationPlatforms) = postSolution
		{7FEC1CF0-0D8B-41C5-B856-DE985FBC7A42}.Debug|Any CPU.ActiveCfg = Debug|Any CPU
		{7FEC1CF0-0D8B-41C5-B856-DE985FBC7A42}.Debug|Any CPU.Build.0 = Debug|Any CPU
		{7FEC1CF0-0D8B-41C5-B856-DE985FBC7A42}.Release|Any CPU.ActiveCfg = Release|Any CPU
		{7FEC1CF0-0D8B-41C5-B856-DE985FBC7A42}.Release|Any CPU.Build.0 = Release|Any CPU
	EndGlobalSection
	GlobalSection(SolutionProperties) = preSolution
		HideSolutionNode = FALSE
	EndGlobalSection
	GlobalSection(ExtensibilityGlobals) = postSolution
		SolutionGuid = {D1D0893A-3326-4C1B-843D-04D9E9E6D840}
	EndGlobalSection
EndGlobal
